schema: '2.0'
stages:
  build_features:
    cmd: python ./src/features/build_features.py
    deps:
    - path: ./data/raw/
      hash: md5
      md5: 54b219a513ac09c8a1cc0d2ac123fe26.dir
      size: 2458652
      nfiles: 3
    - path: ./src/features/build_features.py
      hash: md5
      md5: 1e3875112afd42d30fa701c1132201ce
      size: 1126
  train_model:
    cmd: python .\src\models\train_model.py .\data\processed\
    deps:
    - path: .\data\processed\
      hash: md5
      md5: 6ffbaaad7b4ac6e1afabed19a80b2560.dir
      size: 0
      nfiles: 1
    - path: .\src\models\train_model.py
      hash: md5
      md5: d388598597a869c345dfdc9b02aec9f7
      size: 3823
  push_model:
    cmd: python .\src\models\push_model.py .\data\processed\
    deps:
    - path: .\models\
      hash: md5
      md5: d751713988987e9331980363e24189ce.dir
      size: 0
      nfiles: 0
    - path: .\src\models\train_model.py
      hash: md5
      md5: d388598597a869c345dfdc9b02aec9f7
      size: 3823
